
Microsoft Visual Studio Solution File, Format Version 12.00
# Visual Studio Version 16
VisualStudioVersion = 16.0.29230.47
MinimumVisualStudioVersion = 10.0.40219.1
Project("{8BC9CEB8-8B4A-11D0-8D11-00A0C91BC942}") = "ProgLoops3.5", "ProgLoops3.5\ProgLoops3.5.vcxproj", "{73E6C7F4-8934-4F86-BDED-2D82412A5B02}"
EndProject
Global
	GlobalSection(SolutionConfigurationPlatforms) = preSolution
		Debug|x64 = Debug|x64
		Debug|x86 = Debug|x86
		Release|x64 = Release|x64
		Release|x86 = Release|x86
	EndGlobalSection
	GlobalSection(ProjectConfigurationPlatforms) = postSolution
		{73E6C7F4-8934-4F86-BDED-2D82412A5B02}.Debug|x64.ActiveCfg = Debug|x64
		{73E6C7F4-8934-4F86-BDED-2D82412A5B02}.Debug|x64.Build.0 = Debug|x64
		{73E6C7F4-8934-4F86-BDED-2D82412A5B02}.Debug|x86.ActiveCfg = Debug|Win32
		{73E6C7F4-8934-4F86-BDED-2D82412A5B02}.Debug|x86.Build.0 = Debug|Win32
		{73E6C7F4-8934-4F86-BDED-2D82412A5B02}.Release|x64.ActiveCfg = Release|x64
		{73E6C7F4-8934-4F86-BDED-2D82412A5B02}.Release|x64.Build.0 = Release|x64
		{73E6C7F4-8934-4F86-BDED-2D82412A5B02}.Release|x86.ActiveCfg = Release|Win32
		{73E6C7F4-8934-4F86-BDED-2D82412A5B02}.Release|x86.Build.0 = Release|Win32
	EndGlobalSection
	GlobalSection(SolutionProperties) = preSolution
		HideSolutionNode = FALSE
	EndGlobalSection
	GlobalSection(ExtensibilityGlobals) = postSolution
		SolutionGuid = {06DC93AF-23D1-4873-9ADC-A753228813D9}
	EndGlobalSection
EndGlobal
